
Microsoft Visual Studio Solution File, Format Version 12.00
# Visual Studio Version 17
VisualStudioVersion = 17.0.31903.59
MinimumVisualStudioVersion = 10.0.40219.1
Project("{FAE04EC0-301F-11D3-BF4B-00C04F79EFBC}") = "FileManager", "src\FileManager\FileManager.csproj", "{5DF6D186-048A-40F1-8CF4-E632F7C79206}"
EndProject
Project("{FAE04EC0-301F-11D3-BF4B-00C04F79EFBC}") = "FileManager.UnitTests", "tests\FileManager.UnitTests\FileManager.UnitTests.csproj", "{2F2175E9-FB51-49F0-A6BD-D63970AD14B9}"
EndProject
Global
	GlobalSection(SolutionConfigurationPlatforms) = preSolution
		Debug|Any CPU = Debug|Any CPU
		Release|Any CPU = Release|Any CPU
	EndGlobalSection
	GlobalSection(ProjectConfigurationPlatforms) = postSolution
		{5DF6D186-048A-40F1-8CF4-E632F7C79206}.Debug|Any CPU.ActiveCfg = Debug|Any CPU
		{5DF6D186-048A-40F1-8CF4-E632F7C79206}.Debug|Any CPU.Build.0 = Debug|Any CPU
		{5DF6D186-048A-40F1-8CF4-E632F7C79206}.Release|Any CPU.ActiveCfg = Release|Any CPU
		{5DF6D186-048A-40F1-8CF4-E632F7C79206}.Release|Any CPU.Build.0 = Release|Any CPU
		{2F2175E9-FB51-49F0-A6BD-D63970AD14B9}.Debug|Any CPU.ActiveCfg = Debug|Any CPU
		{2F2175E9-FB51-49F0-A6BD-D63970AD14B9}.Debug|Any CPU.Build.0 = Debug|Any CPU
		{2F2175E9-FB51-49F0-A6BD-D63970AD14B9}.Release|Any CPU.ActiveCfg = Release|Any CPU
		{2F2175E9-FB51-49F0-A6BD-D63970AD14B9}.Release|Any CPU.Build.0 = Release|Any CPU
	EndGlobalSection
	GlobalSection(SolutionProperties) = preSolution
		HideSolutionNode = FALSE
	EndGlobalSection
EndGlobal
